
Microsoft Visual Studio Solution File, Format Version 12.00
# Visual Studio Version 17
VisualStudioVersion = 17.6.33815.320
MinimumVisualStudioVersion = 10.0.40219.1
Project("{FAE04EC0-301F-11D3-BF4B-00C04F79EFBC}") = "WebFormPageProperies", "WebFormPageProperies\WebFormPageProperies.csproj", "{F62FD544-77D4-453A-9C74-657DABC672F3}"
EndProject
Global
	GlobalSection(SolutionConfigurationPlatforms) = preSolution
		Debug|Any CPU = Debug|Any CPU
		Release|Any CPU = Release|Any CPU
	EndGlobalSection
	GlobalSection(ProjectConfigurationPlatforms) = postSolution
		{F62FD544-77D4-453A-9C74-657DABC672F3}.Debug|Any CPU.ActiveCfg = Debug|Any CPU
		{F62FD544-77D4-453A-9C74-657DABC672F3}.Debug|Any CPU.Build.0 = Debug|Any CPU
		{F62FD544-77D4-453A-9C74-657DABC672F3}.Release|Any CPU.ActiveCfg = Release|Any CPU
		{F62FD544-77D4-453A-9C74-657DABC672F3}.Release|Any CPU.Build.0 = Release|Any CPU
	EndGlobalSection
	GlobalSection(SolutionProperties) = preSolution
		HideSolutionNode = FALSE
	EndGlobalSection
	GlobalSection(ExtensibilityGlobals) = postSolution
		SolutionGuid = {F6745B60-CB1D-4478-8313-8BF7BB887264}
	EndGlobalSection
EndGlobal
